
Microsoft Visual Studio Solution File, Format Version 12.00
# Visual Studio 2012
Project("{FAE04EC0-301F-11D3-BF4B-00C04F79EFBC}") = "Priya.InfoList.VS2012", "Priya.InfoList\Priya.InfoList.VS2012.csproj", "{AEEDE5A3-D510-4645-A694-73ED2C4178F0}"
EndProject
Project("{2150E333-8FDC-42A3-9474-1A3956D46DE8}") = "Solution Items", "Solution Items", "{B651A470-A309-42D0-B0B0-6D1CAF07D34A}"
	ProjectSection(SolutionItems) = preProject
		..\Readme.md = ..\Readme.md
	EndProjectSection
EndProject
Global
	GlobalSection(SolutionConfigurationPlatforms) = preSolution
		Debug|Any CPU = Debug|Any CPU
		Release|Any CPU = Release|Any CPU
	EndGlobalSection
	GlobalSection(ProjectConfigurationPlatforms) = postSolution
		{AEEDE5A3-D510-4645-A694-73ED2C4178F0}.Debug|Any CPU.ActiveCfg = Debug|Any CPU
		{AEEDE5A3-D510-4645-A694-73ED2C4178F0}.Debug|Any CPU.Build.0 = Debug|Any CPU
		{AEEDE5A3-D510-4645-A694-73ED2C4178F0}.Release|Any CPU.ActiveCfg = Release|Any CPU
		{AEEDE5A3-D510-4645-A694-73ED2C4178F0}.Release|Any CPU.Build.0 = Release|Any CPU
	EndGlobalSection
	GlobalSection(SolutionProperties) = preSolution
		HideSolutionNode = FALSE
	EndGlobalSection
EndGlobal
